# This file is generated by running "yarn install" inside your project.
# Manual changes might be lost - proceed with caution!

__metadata:
  version: 5
  cacheKey: 8

"@pixi/accessibility@npm:6.4.2":
  version: 6.4.2
  resolution: "@pixi/accessibility@npm:6.4.2"
  peerDependencies:
    "@pixi/core": 6.4.2
    "@pixi/display": 6.4.2
    "@pixi/utils": 6.4.2
  checksum: 1ae448fd56beee06378cf9e0939f7f9144e7f3d855e715eb6b96059d491afec858fe2c7732b0f770de011ab58a7d9950a9a51e4ec9aa1ef4588c18497d0dee53
  languageName: node
  linkType: hard

"@pixi/app@npm:6.4.2":
  version: 6.4.2
  resolution: "@pixi/app@npm:6.4.2"
  peerDependencies:
    "@pixi/core": 6.4.2
    "@pixi/display": 6.4.2
  checksum: c44eb8ab35c71a8066514607a719bc1bb88b050b09555cbf99fc20bc280dcfda9ec43c8dc515f71c54e83f877caf3e673e9bf844d63c06470344cd8d15188432
  languageName: node
  linkType: hard

"@pixi/compressed-textures@npm:6.4.2":
  version: 6.4.2
  resolution: "@pixi/compressed-textures@npm:6.4.2"
  peerDependencies:
    "@pixi/constants": 6.4.2
    "@pixi/core": 6.4.2
    "@pixi/loaders": 6.4.2
    "@pixi/settings": 6.4.2
    "@pixi/utils": 6.4.2
  checksum: f284e7dfbdc1f3c2f64f826b20573983baac3cea8a7839eb4dfdd003e543bf66b6212c001a23d846fd1552dce96e37b2094d13fa974da367386139347b988790
  languageName: node
  linkType: hard

"@pixi/constants@npm:6.4.2":
  version: 6.4.2
  resolution: "@pixi/constants@npm:6.4.2"
  checksum: 808570125e31e05ccb97625bc0a2b0da908f4ce3897b904fc91c77d7b369d88b54d8320975c7bafb6c90e33a4c0f2f34607bffb75ece96f1f6918b8649b42375
  languageName: node
  linkType: hard

"@pixi/core@npm:6.4.2":
  version: 6.4.2
  resolution: "@pixi/core@npm:6.4.2"
  dependencies:
    "@types/offscreencanvas": ^2019.6.4
  peerDependencies:
    "@pixi/constants": 6.4.2
    "@pixi/math": 6.4.2
    "@pixi/runner": 6.4.2
    "@pixi/settings": 6.4.2
    "@pixi/ticker": 6.4.2
    "@pixi/utils": 6.4.2
  checksum: ac45c4be72be33495b88e8d077ccc43e1ed039b800a31307bef93886b6b7ad130f873de9d58a5086d9f305ef3ebd978b6efad3a27bbc65e0601e2c824a991c1f
  languageName: node
  linkType: hard

"@pixi/display@npm:6.4.2":
  version: 6.4.2
  resolution: "@pixi/display@npm:6.4.2"
  peerDependencies:
    "@pixi/math": 6.4.2
    "@pixi/settings": 6.4.2
    "@pixi/utils": 6.4.2
  checksum: 07210a3edf9209a2876bd6dd6c05212d19dbb0582c6ea84cd8036d8d17d21dcbd5113b2c8d59fed03a77d646528c23c9722ae11439cdc8fcedea96ddb748bcf4
  languageName: node
  linkType: hard

"@pixi/extract@npm:6.4.2":
  version: 6.4.2
  resolution: "@pixi/extract@npm:6.4.2"
  peerDependencies:
    "@pixi/core": 6.4.2
    "@pixi/math": 6.4.2
    "@pixi/utils": 6.4.2
  checksum: aea6a62e9511f2d60f439eebfa8c383c316e0e6ca19080ca6ddfc2111a5d288f421e181e41ec6a633b0f64b6f08ed32585c846c4a09a5662e695c91eaafd6a97
  languageName: node
  linkType: hard

"@pixi/filter-alpha@npm:6.4.2":
  version: 6.4.2
  resolution: "@pixi/filter-alpha@npm:6.4.2"
  peerDependencies:
    "@pixi/core": 6.4.2
  checksum: 525858674157b5e90218ace5a83e2d1337800852426e968367cdf2d3235d76572f3ee28cfe0f4bf6b94dc33a5dcc90e151a5d85ff63c4d6843b53ccaa35900dd
  languageName: node
  linkType: hard

"@pixi/filter-blur@npm:6.4.2":
  version: 6.4.2
  resolution: "@pixi/filter-blur@npm:6.4.2"
  peerDependencies:
    "@pixi/core": 6.4.2
    "@pixi/settings": 6.4.2
  checksum: f3afbe3281bf68c779f704a5f5181898bae52db7918830c26a0161c9c41dcecb5b43d2ac98d3bff24810793aa88f278a81437dfa2ba63447aa74e73cc5c978c1
  languageName: node
  linkType: hard

"@pixi/filter-color-matrix@npm:6.4.2":
  version: 6.4.2
  resolution: "@pixi/filter-color-matrix@npm:6.4.2"
  peerDependencies:
    "@pixi/core": 6.4.2
  checksum: 39ffa35277ca0293e06f837f32cb625a3057ccbd9f99e3ae5fd79eaec857d8ef6ae384b89e7318fd747cc5bb41c34ab99346b166b4503b17989426a738a8a762
  languageName: node
  linkType: hard

"@pixi/filter-displacement@npm:6.4.2":
  version: 6.4.2
  resolution: "@pixi/filter-displacement@npm:6.4.2"
  peerDependencies:
    "@pixi/core": 6.4.2
    "@pixi/math": 6.4.2
  checksum: 40178d2abb4cadbe584e5ffbd71652abfa045c3efa17d4650fce320edd85a39dd36d896e04999c2d6d25ea20298d244cd8d50058d469eb1217aafc2999c7d1b3
  languageName: node
  linkType: hard

"@pixi/filter-fxaa@npm:6.4.2":
  version: 6.4.2
  resolution: "@pixi/filter-fxaa@npm:6.4.2"
  peerDependencies:
    "@pixi/core": 6.4.2
  checksum: e20a141f13a5922868adb77c1fadab144f2b16668707033c4b1a7d62578500a5763028fbafc893aa7c4396fc82fe92b5032a69c9ab12c62807a8aaf4035adde8
  languageName: node
  linkType: hard

"@pixi/filter-noise@npm:6.4.2":
  version: 6.4.2
  resolution: "@pixi/filter-noise@npm:6.4.2"
  peerDependencies:
    "@pixi/core": 6.4.2
  checksum: a6372588c7cac4125c3a249e96a6a82851ac3e9deb0bd530d5ca1ac5e4d60de184514bd3c805c7a18ff29c2042b4e355f6438cf7d66a8c872a0a055a63b54483
  languageName: node
  linkType: hard

"@pixi/graphics@npm:6.4.2":
  version: 6.4.2
  resolution: "@pixi/graphics@npm:6.4.2"
  peerDependencies:
    "@pixi/constants": 6.4.2
    "@pixi/core": 6.4.2
    "@pixi/display": 6.4.2
    "@pixi/math": 6.4.2
    "@pixi/sprite": 6.4.2
    "@pixi/utils": 6.4.2
  checksum: 9b8a19d92a5e91f19753b74156f95559f0de2bfb6523ead22c71e05dd856cc1d9ff4a86d341bd835ace0f26fc6faa34160e4d8915fa10f9f1f91cb35c41c6e1d
  languageName: node
  linkType: hard

"@pixi/interaction@npm:6.4.2":
  version: 6.4.2
  resolution: "@pixi/interaction@npm:6.4.2"
  peerDependencies:
    "@pixi/core": 6.4.2
    "@pixi/display": 6.4.2
    "@pixi/math": 6.4.2
    "@pixi/ticker": 6.4.2
    "@pixi/utils": 6.4.2
  checksum: 009395da6fc20a2b40ca118857843092d4cd1283fe4362bb721a07ae71b9e6c246b85216401d674e45dd7d7376151892f96900173615f4f1681642522c849e69
  languageName: node
  linkType: hard

"@pixi/loaders@npm:6.4.2":
  version: 6.4.2
  resolution: "@pixi/loaders@npm:6.4.2"
  peerDependencies:
    "@pixi/constants": 6.4.2
    "@pixi/core": 6.4.2
    "@pixi/utils": 6.4.2
  checksum: a2b81dd3348858bb0e199b8f8a02f1da78a3b2e94be7d21695baf0853a5328620332027642b5d38979778d8db1e41478d39b649a8711c8446918bf5d30dc9648
  languageName: node
  linkType: hard

"@pixi/math@npm:6.4.2":
  version: 6.4.2
  resolution: "@pixi/math@npm:6.4.2"
  checksum: 9c1df90dbd095a91b4a4f35c8b7849da2f07fd2304af0786893929eb61bb6748c7ebaa8988d2dc0de7c4d16b8f63f7a266590cd318d303648e3bf12d0514fcd0
  languageName: node
  linkType: hard

"@pixi/mesh-extras@npm:6.4.2":
  version: 6.4.2
  resolution: "@pixi/mesh-extras@npm:6.4.2"
  peerDependencies:
    "@pixi/constants": 6.4.2
    "@pixi/core": 6.4.2
    "@pixi/math": 6.4.2
    "@pixi/mesh": 6.4.2
    "@pixi/utils": 6.4.2
  checksum: 79d858207eb550237ec60d8dce9e58602d0ff632c9a40c39645d333d2a51df10f52c2c18334e08767f027b1438713fb84f3137369b8a5406fa92fde9f11f2c2d
  languageName: node
  linkType: hard

"@pixi/mesh@npm:6.4.2":
  version: 6.4.2
  resolution: "@pixi/mesh@npm:6.4.2"
  peerDependencies:
    "@pixi/constants": 6.4.2
    "@pixi/core": 6.4.2
    "@pixi/display": 6.4.2
    "@pixi/math": 6.4.2
    "@pixi/settings": 6.4.2
    "@pixi/utils": 6.4.2
  checksum: 7f59e7b176f845cfbc9e12bb252bd3c139168f8773c321510417722209667b645f047e76bf21c7b035358cee57296c650262b4b0f70d3bdf049017d78caab4d7
  languageName: node
  linkType: hard

"@pixi/mixin-cache-as-bitmap@npm:6.4.2":
  version: 6.4.2
  resolution: "@pixi/mixin-cache-as-bitmap@npm:6.4.2"
  peerDependencies:
    "@pixi/core": 6.4.2
    "@pixi/display": 6.4.2
    "@pixi/math": 6.4.2
    "@pixi/settings": 6.4.2
    "@pixi/sprite": 6.4.2
    "@pixi/utils": 6.4.2
  checksum: bcd8d11319bfe0a76d7716a6716ea98705a84674ee665efd0e2549c61e8cc8417838a94c6e8795fea9545a28a1cde4da62810872601f8ef759ef558bd94b6f87
  languageName: node
  linkType: hard

"@pixi/mixin-get-child-by-name@npm:6.4.2":
  version: 6.4.2
  resolution: "@pixi/mixin-get-child-by-name@npm:6.4.2"
  peerDependencies:
    "@pixi/display": 6.4.2
  checksum: b70bd081d37b2c9f8c01b13c013b3adefb7e2675ce072119335ba926e1f76bdaa742959664875dd7f01fcfa3d9cf243e81d69040cca8ebd5a8fdca2738a17a4e
  languageName: node
  linkType: hard

"@pixi/mixin-get-global-position@npm:6.4.2":
  version: 6.4.2
  resolution: "@pixi/mixin-get-global-position@npm:6.4.2"
  peerDependencies:
    "@pixi/display": 6.4.2
    "@pixi/math": 6.4.2
  checksum: 444d7c70c3953302469fb6a992b48741c5e2719f56b39d7fb27d21bc9e1a63aac1c5dfaec722c9d2d64410ae87bbf89b8050e6f6ba1545b4219e2b9885fcb194
  languageName: node
  linkType: hard

"@pixi/particle-container@npm:6.4.2":
  version: 6.4.2
  resolution: "@pixi/particle-container@npm:6.4.2"
  peerDependencies:
    "@pixi/constants": 6.4.2
    "@pixi/core": 6.4.2
    "@pixi/display": 6.4.2
    "@pixi/math": 6.4.2
    "@pixi/utils": 6.4.2
  checksum: bdf983858a99ad5f7989f4db7e5cb65af3707c86385dcedd6853c310b81f7fa52999068bbc9165b92ffc24364d39a29b35821d29e24663c95764fec8a971bafd
  languageName: node
  linkType: hard

"@pixi/polyfill@npm:6.4.2":
  version: 6.4.2
  resolution: "@pixi/polyfill@npm:6.4.2"
  dependencies:
    object-assign: ^4.1.1
    promise-polyfill: ^8.2.0
  checksum: 0c5e2d2378a1dc0a06cb6c7ee7b77a0798c312ea73db089f4934f3173c8c7fc28d2087acd76d67162a88d1f134d30aaaacf4295919c1e36e8a2d0cd345fe5eaf
  languageName: node
  linkType: hard

"@pixi/prepare@npm:6.4.2":
  version: 6.4.2
  resolution: "@pixi/prepare@npm:6.4.2"
  peerDependencies:
    "@pixi/core": 6.4.2
    "@pixi/display": 6.4.2
    "@pixi/graphics": 6.4.2
    "@pixi/settings": 6.4.2
    "@pixi/text": 6.4.2
    "@pixi/ticker": 6.4.2
  checksum: eca4a31fa90c888c21d6ca413d870ab0572e6bf0bd9792405b89115d2a15892719873c6845efd159653f25cb123fd011ed114e4b4ac462c02332dcd60e9e06f2
  languageName: node
  linkType: hard

"@pixi/runner@npm:6.4.2":
  version: 6.4.2
  resolution: "@pixi/runner@npm:6.4.2"
  checksum: 2e6fdb53e0c83e8b9b711316b84ced801b56fac35b8729f05b718c2a43df817bcb474ac03a9e660781bd7e2be8c955fce70c03e6302fbc42f78e0a63b7373f39
  languageName: node
  linkType: hard

"@pixi/settings@npm:6.4.2":
  version: 6.4.2
  resolution: "@pixi/settings@npm:6.4.2"
  dependencies:
    ismobilejs: ^1.1.0
  checksum: e02edc7085c49c5bf07e7698e10bcd80f7706ea878eb407e897664e3d2de81939ef5ba29e4401717ca5d4f1614b23a76c965a4a4446bb681072f5e7c636532e9
  languageName: node
  linkType: hard

"@pixi/sprite-animated@npm:6.4.2":
  version: 6.4.2
  resolution: "@pixi/sprite-animated@npm:6.4.2"
  peerDependencies:
    "@pixi/core": 6.4.2
    "@pixi/sprite": 6.4.2
    "@pixi/ticker": 6.4.2
  checksum: 8a0da26a8e076d9d876249f6292ed10ca4c3a089874cf69cb047a79c5a292d313efe2442fed11bee256edc3a130a824a204a3a39071b9a2f269c6fc7513da5eb
  languageName: node
  linkType: hard

"@pixi/sprite-tiling@npm:6.4.2":
  version: 6.4.2
  resolution: "@pixi/sprite-tiling@npm:6.4.2"
  peerDependencies:
    "@pixi/constants": 6.4.2
    "@pixi/core": 6.4.2
    "@pixi/display": 6.4.2
    "@pixi/math": 6.4.2
    "@pixi/sprite": 6.4.2
    "@pixi/utils": 6.4.2
  checksum: 18beca6362950b02654b7942816c7aacb636a9a8b0bd3ec099e6b0d1c35d8fb75db4cf997135cba8a20e295d1e7fe098377b654df247cf5cb4f12be717d810ba
  languageName: node
  linkType: hard

"@pixi/sprite@npm:6.4.2":
  version: 6.4.2
  resolution: "@pixi/sprite@npm:6.4.2"
  peerDependencies:
    "@pixi/constants": 6.4.2
    "@pixi/core": 6.4.2
    "@pixi/display": 6.4.2
    "@pixi/math": 6.4.2
    "@pixi/settings": 6.4.2
    "@pixi/utils": 6.4.2
  checksum: 18451f316dbf7b3304e6c77870b2d9994af397d0820df8737e13662a9de7322a5d00c9232a91aa4db87c59558106d56709dd236486e45a54f8814d4b395d9317
  languageName: node
  linkType: hard

"@pixi/spritesheet@npm:6.4.2":
  version: 6.4.2
  resolution: "@pixi/spritesheet@npm:6.4.2"
  peerDependencies:
    "@pixi/core": 6.4.2
    "@pixi/loaders": 6.4.2
    "@pixi/math": 6.4.2
    "@pixi/utils": 6.4.2
  checksum: 12fe17dc913b11ddf114d92cb032a425e3357c77532b95e3afd5c074523c6f57db0bf6a5b0cd6785210c33a1eb526c7c51dacf4b2fab11a874b7ef31a5472c3d
  languageName: node
  linkType: hard

"@pixi/text-bitmap@npm:6.4.2":
  version: 6.4.2
  resolution: "@pixi/text-bitmap@npm:6.4.2"
  peerDependencies:
    "@pixi/constants": 6.4.2
    "@pixi/core": 6.4.2
    "@pixi/display": 6.4.2
    "@pixi/loaders": 6.4.2
    "@pixi/math": 6.4.2
    "@pixi/mesh": 6.4.2
    "@pixi/settings": 6.4.2
    "@pixi/text": 6.4.2
    "@pixi/utils": 6.4.2
  checksum: 71278be9a2f11964aec2e674b9837c81c84bb372c2aab0ec9037cf8d796bb750035f466e44aaaed50f52b4688fd1cf1b0b10bf9669f50fbb724c3fd0a8612a1c
  languageName: node
  linkType: hard

"@pixi/text@npm:6.4.2":
  version: 6.4.2
  resolution: "@pixi/text@npm:6.4.2"
  peerDependencies:
    "@pixi/core": 6.4.2
    "@pixi/math": 6.4.2
    "@pixi/settings": 6.4.2
    "@pixi/sprite": 6.4.2
    "@pixi/utils": 6.4.2
  checksum: fdaf42f6d90ee961dcab5dc5c6f732c0bfcc6d296a42f38a3c73d82c3a64b5359eb61d3c4f9b3259df021e183a16894ce55b40c33a985f7ec9af3a5ccc6a1baf
  languageName: node
  linkType: hard

"@pixi/ticker@npm:6.4.2":
  version: 6.4.2
  resolution: "@pixi/ticker@npm:6.4.2"
  peerDependencies:
    "@pixi/settings": 6.4.2
  checksum: 37c5323ae95d5a722232862b88320275cd5bca50a0ee3459e216464a54c1c89250b766d70ab6a804a3c7fe1750ab88042639e9b593520eede095dc2f4d7c194a
  languageName: node
  linkType: hard

"@pixi/utils@npm:6.4.2":
  version: 6.4.2
  resolution: "@pixi/utils@npm:6.4.2"
  dependencies:
    "@types/earcut": ^2.1.0
    earcut: ^2.2.2
    eventemitter3: ^3.1.0
    url: ^0.11.0
  peerDependencies:
    "@pixi/constants": 6.4.2
    "@pixi/settings": 6.4.2
  checksum: 0eb789dc12c5e83615f5e3959f67f0fdff606f1d0aee2e8a210693facda11e594b1412d4f1fd4a57b3701752e5840cd1f8d537d836b93cabeb77143134eb51ab
  languageName: node
  linkType: hard

"@types/earcut@npm:^2.1.0":
  version: 2.1.1
  resolution: "@types/earcut@npm:2.1.1"
  checksum: 7845dab97ba2bf379caeb4fb91bb732e6710b0ce018a8e357f023cb96ac2fa5c64352461e93ecac2504966dcf6b0b882d117c2258cf15a679bd0063b3cee0e14
  languageName: node
  linkType: hard

"@types/node@npm:*, @types/node@npm:^17.0.9":
  version: 17.0.9
  resolution: "@types/node@npm:17.0.9"
  checksum: 64a1fa91979e3c37c5f42c6e7836b02aad333f2ed41114b8d975b4754e4f4a7fe3343e77ee4daceed6b5706c6662ade13ec1e955326cd1b1e8bf35800de5faf8
  languageName: node
  linkType: hard

"@types/nw.js@npm:^0.13.14":
  version: 0.13.14
  resolution: "@types/nw.js@npm:0.13.14"
  dependencies:
    "@types/node": "*"
  checksum: 78bfdc588f01ae49cd1c2dde4082c20f52e342bd00c3cce48970bdb3167a2afe327a6e1dd8b9bd8f1b77f3ac29774393f2384cb633a654292641172cd40bff40
  languageName: node
  linkType: hard

"@types/offscreencanvas@npm:^2019.6.4":
  version: 2019.7.0
  resolution: "@types/offscreencanvas@npm:2019.7.0"
  checksum: 018cfcd19e0c59c44d14ba61caaca7246f77fbb512839c7881654b7f2b6591dbdd5857362eccbf49f29cdc93724e71a4b37c8b6cf203388f9c04e913a53ea390
  languageName: node
  linkType: hard

"@types/pica@npm:^9.0.1":
  version: 9.0.1
  resolution: "@types/pica@npm:9.0.1"
  checksum: 06765597c09874b0aeaec34fcce63c1aff2265bbb6dcf4fa75e61402db2239efe9b3dc4ec31f5dd739dfc555f1ce48abf5006a3d2086e7028142cebec1fda3c2
  languageName: node
  linkType: hard

"balanced-match@npm:^1.0.0":
  version: 1.0.2
  resolution: "balanced-match@npm:1.0.2"
  checksum: 9706c088a283058a8a99e0bf91b0a2f75497f185980d9ffa8b304de1d9e58ebda7c72c07ebf01dadedaac5b2907b2c6f566f660d62bd336c3468e960403b9d65
  languageName: node
  linkType: hard

"brace-expansion@npm:^1.1.7":
  version: 1.1.11
  resolution: "brace-expansion@npm:1.1.11"
  dependencies:
    balanced-match: ^1.0.0
    concat-map: 0.0.1
  checksum: faf34a7bb0c3fcf4b59c7808bc5d2a96a40988addf2e7e09dfbb67a2251800e0d14cd2bfc1aa79174f2f5095c54ff27f46fb1289fe2d77dac755b5eb3434cc07
  languageName: node
  linkType: hard

"concat-map@npm:0.0.1":
  version: 0.0.1
  resolution: "concat-map@npm:0.0.1"
  checksum: 902a9f5d8967a3e2faf138d5cb784b9979bad2e6db5357c5b21c568df4ebe62bcb15108af1b2253744844eb964fc023fbd9afbbbb6ddd0bcc204c6fb5b7bf3af
  languageName: node
  linkType: hard

"earcut@npm:^2.2.2":
  version: 2.2.3
  resolution: "earcut@npm:2.2.3"
  checksum: 4e3bab80366c49e0332a0bb061649a3b9354dcbfa636155c7eee250be0670d7139d53f2aebbcf90788507c71b76ec1713c20e36527f202b9abb79c9e5858ec35
  languageName: node
  linkType: hard

"esbuild-android-arm64@npm:0.14.11":
  version: 0.14.11
  resolution: "esbuild-android-arm64@npm:0.14.11"
  conditions: os=android & cpu=arm64
  languageName: node
  linkType: hard

"esbuild-darwin-64@npm:0.14.11":
  version: 0.14.11
  resolution: "esbuild-darwin-64@npm:0.14.11"
  conditions: os=darwin & cpu=x64
  languageName: node
  linkType: hard

"esbuild-darwin-arm64@npm:0.14.11":
  version: 0.14.11
  resolution: "esbuild-darwin-arm64@npm:0.14.11"
  conditions: os=darwin & cpu=arm64
  languageName: node
  linkType: hard

"esbuild-freebsd-64@npm:0.14.11":
  version: 0.14.11
  resolution: "esbuild-freebsd-64@npm:0.14.11"
  conditions: os=freebsd & cpu=x64
  languageName: node
  linkType: hard

"esbuild-freebsd-arm64@npm:0.14.11":
  version: 0.14.11
  resolution: "esbuild-freebsd-arm64@npm:0.14.11"
  conditions: os=freebsd & cpu=arm64
  languageName: node
  linkType: hard

"esbuild-linux-32@npm:0.14.11":
  version: 0.14.11
  resolution: "esbuild-linux-32@npm:0.14.11"
  conditions: os=linux & cpu=ia32
  languageName: node
  linkType: hard

"esbuild-linux-64@npm:0.14.11":
  version: 0.14.11
  resolution: "esbuild-linux-64@npm:0.14.11"
  conditions: os=linux & cpu=x64
  languageName: node
  linkType: hard

"esbuild-linux-arm64@npm:0.14.11":
  version: 0.14.11
  resolution: "esbuild-linux-arm64@npm:0.14.11"
  conditions: os=linux & cpu=arm64
  languageName: node
  linkType: hard

"esbuild-linux-arm@npm:0.14.11":
  version: 0.14.11
  resolution: "esbuild-linux-arm@npm:0.14.11"
  conditions: os=linux & cpu=arm
  languageName: node
  linkType: hard

"esbuild-linux-mips64le@npm:0.14.11":
  version: 0.14.11
  resolution: "esbuild-linux-mips64le@npm:0.14.11"
  conditions: os=linux & cpu=mips64el
  languageName: node
  linkType: hard

"esbuild-linux-ppc64le@npm:0.14.11":
  version: 0.14.11
  resolution: "esbuild-linux-ppc64le@npm:0.14.11"
  conditions: os=linux & cpu=ppc64
  languageName: node
  linkType: hard

"esbuild-linux-s390x@npm:0.14.11":
  version: 0.14.11
  resolution: "esbuild-linux-s390x@npm:0.14.11"
  conditions: os=linux & cpu=s390x
  languageName: node
  linkType: hard

"esbuild-netbsd-64@npm:0.14.11":
  version: 0.14.11
  resolution: "esbuild-netbsd-64@npm:0.14.11"
  conditions: os=netbsd & cpu=x64
  languageName: node
  linkType: hard

"esbuild-openbsd-64@npm:0.14.11":
  version: 0.14.11
  resolution: "esbuild-openbsd-64@npm:0.14.11"
  conditions: os=openbsd & cpu=x64
  languageName: node
  linkType: hard

"esbuild-sunos-64@npm:0.14.11":
  version: 0.14.11
  resolution: "esbuild-sunos-64@npm:0.14.11"
  conditions: os=sunos & cpu=x64
  languageName: node
  linkType: hard

"esbuild-windows-32@npm:0.14.11":
  version: 0.14.11
  resolution: "esbuild-windows-32@npm:0.14.11"
  conditions: os=win32 & cpu=ia32
  languageName: node
  linkType: hard

"esbuild-windows-64@npm:0.14.11":
  version: 0.14.11
  resolution: "esbuild-windows-64@npm:0.14.11"
  conditions: os=win32 & cpu=x64
  languageName: node
  linkType: hard

"esbuild-windows-arm64@npm:0.14.11":
  version: 0.14.11
  resolution: "esbuild-windows-arm64@npm:0.14.11"
  conditions: os=win32 & cpu=arm64
  languageName: node
  linkType: hard

"esbuild@npm:^0.14.11":
  version: 0.14.11
  resolution: "esbuild@npm:0.14.11"
  dependencies:
    esbuild-android-arm64: 0.14.11
    esbuild-darwin-64: 0.14.11
    esbuild-darwin-arm64: 0.14.11
    esbuild-freebsd-64: 0.14.11
    esbuild-freebsd-arm64: 0.14.11
    esbuild-linux-32: 0.14.11
    esbuild-linux-64: 0.14.11
    esbuild-linux-arm: 0.14.11
    esbuild-linux-arm64: 0.14.11
    esbuild-linux-mips64le: 0.14.11
    esbuild-linux-ppc64le: 0.14.11
    esbuild-linux-s390x: 0.14.11
    esbuild-netbsd-64: 0.14.11
    esbuild-openbsd-64: 0.14.11
    esbuild-sunos-64: 0.14.11
    esbuild-windows-32: 0.14.11
    esbuild-windows-64: 0.14.11
    esbuild-windows-arm64: 0.14.11
  dependenciesMeta:
    esbuild-android-arm64:
      optional: true
    esbuild-darwin-64:
      optional: true
    esbuild-darwin-arm64:
      optional: true
    esbuild-freebsd-64:
      optional: true
    esbuild-freebsd-arm64:
      optional: true
    esbuild-linux-32:
      optional: true
    esbuild-linux-64:
      optional: true
    esbuild-linux-arm:
      optional: true
    esbuild-linux-arm64:
      optional: true
    esbuild-linux-mips64le:
      optional: true
    esbuild-linux-ppc64le:
      optional: true
    esbuild-linux-s390x:
      optional: true
    esbuild-netbsd-64:
      optional: true
    esbuild-openbsd-64:
      optional: true
    esbuild-sunos-64:
      optional: true
    esbuild-windows-32:
      optional: true
    esbuild-windows-64:
      optional: true
    esbuild-windows-arm64:
      optional: true
  bin:
    esbuild: bin/esbuild
  checksum: dd034f76fa180ae947a458d84cd3ad4989f1630bc55f092f35d562c18480e56ed0ede99752ffc13d341434ff09063110c765243a4d46244ea2422f2683dbd822
  languageName: node
  linkType: hard

"eventemitter3@npm:^3.1.0":
  version: 3.1.2
  resolution: "eventemitter3@npm:3.1.2"
  checksum: 81e4e82b8418f5cfd986d2b4a2fa5397ac4eb8134e09bcb47005545e22fdf8e9e61d5c053d34651112245aae411bdfe6d0ad5511da0400743fef5fc38bfcfbe3
  languageName: node
  linkType: hard

"fs.realpath@npm:^1.0.0":
  version: 1.0.0
  resolution: "fs.realpath@npm:1.0.0"
  checksum: 99ddea01a7e75aa276c250a04eedeffe5662bce66c65c07164ad6264f9de18fb21be9433ead460e54cff20e31721c811f4fb5d70591799df5f85dce6d6746fd0
  languageName: node
  linkType: hard

"glob@npm:^7.2.0":
  version: 7.2.0
  resolution: "glob@npm:7.2.0"
  dependencies:
    fs.realpath: ^1.0.0
    inflight: ^1.0.4
    inherits: 2
    minimatch: ^3.0.4
    once: ^1.3.0
    path-is-absolute: ^1.0.0
  checksum: 78a8ea942331f08ed2e055cb5b9e40fe6f46f579d7fd3d694f3412fe5db23223d29b7fee1575440202e9a7ff9a72ab106a39fee39934c7bedafe5e5f8ae20134
  languageName: node
  linkType: hard

"glur@npm:^1.1.2":
  version: 1.1.2
  resolution: "glur@npm:1.1.2"
  checksum: d80a50fe7f713a564cf50a8e46e2385e5256233c1180b94c06dfdf038655c8b11aa648dd8516b66025abfe437f4201aa10c0e759b68b9a37241375707cf107ea
  languageName: node
  linkType: hard

"inflight@npm:^1.0.4":
  version: 1.0.6
  resolution: "inflight@npm:1.0.6"
  dependencies:
    once: ^1.3.0
    wrappy: 1
  checksum: f4f76aa072ce19fae87ce1ef7d221e709afb59d445e05d47fba710e85470923a75de35bfae47da6de1b18afc3ce83d70facf44cfb0aff89f0a3f45c0a0244dfd
  languageName: node
  linkType: hard

"inherits@npm:2":
  version: 2.0.4
  resolution: "inherits@npm:2.0.4"
  checksum: 4a48a733847879d6cf6691860a6b1e3f0f4754176e4d71494c41f3475553768b10f84b5ce1d40fbd0e34e6bfbb864ee35858ad4dd2cf31e02fc4a154b724d7f1
  languageName: node
  linkType: hard

"ismobilejs@npm:^1.1.0":
  version: 1.1.1
  resolution: "ismobilejs@npm:1.1.1"
  checksum: 937479c4ae13306f41391e0f57611b0835bc57325750b446cb12ed844d697407f66f050ebf7446538cc3aae9575df6382243224be3032c1574b61e2f955d8417
  languageName: node
  linkType: hard

"minimatch@npm:^3.0.4":
  version: 3.0.4
  resolution: "minimatch@npm:3.0.4"
  dependencies:
    brace-expansion: ^1.1.7
  checksum: 66ac295f8a7b59788000ea3749938b0970344c841750abd96694f80269b926ebcafad3deeb3f1da2522978b119e6ae3a5869b63b13a7859a456b3408bd18a078
  languageName: node
  linkType: hard

"multimath@npm:^2.0.0":
  version: 2.0.0
  resolution: "multimath@npm:2.0.0"
  dependencies:
    glur: ^1.1.2
    object-assign: ^4.1.1
  checksum: 420d2090e4c9466c8195281011643a7087a3f8db9f7621fb19e13dce34d468d16f6e686625426efd4dbd1c9fa1cbc3c07ff634d9d9534dc6fa47b0849c2bcd69
  languageName: node
  linkType: hard

"object-assign@npm:^4.1.1":
  version: 4.1.1
  resolution: "object-assign@npm:4.1.1"
  checksum: fcc6e4ea8c7fe48abfbb552578b1c53e0d194086e2e6bbbf59e0a536381a292f39943c6e9628af05b5528aa5e3318bb30d6b2e53cadaf5b8fe9e12c4b69af23f
  languageName: node
  linkType: hard

"once@npm:^1.3.0":
  version: 1.4.0
  resolution: "once@npm:1.4.0"
  dependencies:
    wrappy: 1
  checksum: cd0a88501333edd640d95f0d2700fbde6bff20b3d4d9bdc521bdd31af0656b5706570d6c6afe532045a20bb8dc0849f8332d6f2a416e0ba6d3d3b98806c7db68
  languageName: node
  linkType: hard

"path-is-absolute@npm:^1.0.0":
  version: 1.0.1
  resolution: "path-is-absolute@npm:1.0.1"
  checksum: 060840f92cf8effa293bcc1bea81281bd7d363731d214cbe5c227df207c34cd727430f70c6037b5159c8a870b9157cba65e775446b0ab06fd5ecc7e54615a3b8
  languageName: node
  linkType: hard

"penner@npm:^0.1.3":
  version: 0.1.3
  resolution: "penner@npm:0.1.3"
  checksum: 5b5d4c45b130ef68edcde0242b7092de81548795aca36c7382e5ca8e05724b78e28c5788eb47df8c2996ea2733c95681075cc3f30f94f5a0783934b26fee7ee3
  languageName: node
  linkType: hard

"pica@npm:^9.0.1":
  version: 9.0.1
  resolution: "pica@npm:9.0.1"
  dependencies:
    glur: ^1.1.2
    multimath: ^2.0.0
    object-assign: ^4.1.1
    webworkify: ^1.5.0
  checksum: 0063206643ef54c6641f3f8795807de9567acebbe3160839ae87bbf870ff2e4e4caca8135dd050e1f5427d12737488d4ede7f3cce4525ae86f2a0138d397f738
  languageName: node
  linkType: hard

"pixi-scrollbox@npm:^2.3.1":
  version: 2.3.1
  resolution: "pixi-scrollbox@npm:2.3.1"
  dependencies:
    penner: ^0.1.3
  peerDependencies:
    pixi-viewport: ">=4.3.4"
    pixi.js: ">=6.0.0"
  checksum: a82fe4cc2cad2f1667e64f52116ea50a33da84b5baf10d6409ee29b28f9e5cf51424eb196ddf07171c71983c1515872e00f4a8036a3af5f5c8546d232d97a605
  languageName: node
  linkType: hard

"pixi-viewport@npm:^4.34.4":
  version: 4.34.4
  resolution: "pixi-viewport@npm:4.34.4"
  peerDependencies:
    "@pixi/display": ^6.1.3
    "@pixi/interaction": ^6.1.3
    "@pixi/math": ^6.1.3
    "@pixi/ticker": ^6.1.3
  checksum: 5e65a786d9f47168f72509e4c39a9c6d33d7e93593d65321fcbe28715ca830364f6da0bfc31bd91a7c4dcf279896cd0730e2a3368cfb15cd8f4dd4fbd6ee108c
  languageName: node
  linkType: hard

"pixi.js@npm:^6.4.2":
  version: 6.4.2
  resolution: "pixi.js@npm:6.4.2"
  dependencies:
    "@pixi/accessibility": 6.4.2
    "@pixi/app": 6.4.2
    "@pixi/compressed-textures": 6.4.2
    "@pixi/constants": 6.4.2
    "@pixi/core": 6.4.2
    "@pixi/display": 6.4.2
    "@pixi/extract": 6.4.2
    "@pixi/filter-alpha": 6.4.2
    "@pixi/filter-blur": 6.4.2
    "@pixi/filter-color-matrix": 6.4.2
    "@pixi/filter-displacement": 6.4.2
    "@pixi/filter-fxaa": 6.4.2
    "@pixi/filter-noise": 6.4.2
    "@pixi/graphics": 6.4.2
    "@pixi/interaction": 6.4.2
    "@pixi/loaders": 6.4.2
    "@pixi/math": 6.4.2
    "@pixi/mesh": 6.4.2
    "@pixi/mesh-extras": 6.4.2
    "@pixi/mixin-cache-as-bitmap": 6.4.2
    "@pixi/mixin-get-child-by-name": 6.4.2
    "@pixi/mixin-get-global-position": 6.4.2
    "@pixi/particle-container": 6.4.2
    "@pixi/polyfill": 6.4.2
    "@pixi/prepare": 6.4.2
    "@pixi/runner": 6.4.2
    "@pixi/settings": 6.4.2
    "@pixi/sprite": 6.4.2
    "@pixi/sprite-animated": 6.4.2
    "@pixi/sprite-tiling": 6.4.2
    "@pixi/spritesheet": 6.4.2
    "@pixi/text": 6.4.2
    "@pixi/text-bitmap": 6.4.2
    "@pixi/ticker": 6.4.2
    "@pixi/utils": 6.4.2
  checksum: 4766f3a705806babfac2e3cd8b1e50b546eb6017f604737178478c84d3d5e58d8c4f060aa9d0e8be754bdc65946f12da65924aa19099985a83668eda724a97e4
  languageName: node
  linkType: hard

"promise-polyfill@npm:^8.2.0":
  version: 8.2.1
  resolution: "promise-polyfill@npm:8.2.1"
  checksum: bd2601d28c18086493d1eb0f4a5a538557600063b2a13aa9dfd89b69c28a3435ce6e0efac9049d1b13f0ed392730326b23c8c56c99be8abf708036245ece5192
  languageName: node
  linkType: hard

"punycode@npm:1.3.2":
  version: 1.3.2
  resolution: "punycode@npm:1.3.2"
  checksum: b8807fd594b1db33335692d1f03e8beeddde6fda7fbb4a2e32925d88d20a3aa4cd8dcc0c109ccaccbd2ba761c208dfaaada83007087ea8bfb0129c9ef1b99ed6
  languageName: node
  linkType: hard

"querystring@npm:0.2.0":
  version: 0.2.0
  resolution: "querystring@npm:0.2.0"
  checksum: 8258d6734f19be27e93f601758858c299bdebe71147909e367101ba459b95446fbe5b975bf9beb76390156a592b6f4ac3a68b6087cea165c259705b8b4e56a69
  languageName: node
  linkType: hard

"typescript@npm:^4.5.4":
  version: 4.6.4
  resolution: "typescript@npm:4.6.4"
  bin:
    tsc: bin/tsc
    tsserver: bin/tsserver
  checksum: e7bfcc39cd4571a63a54e5ea21f16b8445268b9900bf55aee0e02ad981be576acc140eba24f1af5e3c1457767c96cea6d12861768fb386cf3ffb34013718631a
  languageName: node
  linkType: hard

"typescript@patch:typescript@^4.5.4#~builtin<compat/typescript>":
  version: 4.6.4
  resolution: "typescript@patch:typescript@npm%3A4.6.4#~builtin<compat/typescript>::version=4.6.4&hash=493e53"
  bin:
    tsc: bin/tsc
    tsserver: bin/tsserver
  checksum: 8cff08bf66d9ecfbf9fcc5edde04a5a7923e6cac3b21d99b4e9a06973bf5bd7f9a83ec7eed24129c1b9e13fd861de8c1070110d4b9ce9f18ab57c6999e9c9a6f
  languageName: node
  linkType: hard

"url@npm:^0.11.0":
  version: 0.11.0
  resolution: "url@npm:0.11.0"
  dependencies:
    punycode: 1.3.2
    querystring: 0.2.0
  checksum: 50d100d3dd2d98b9fe3ada48cadb0b08aa6be6d3ac64112b867b56b19be4bfcba03c2a9a0d7922bfd7ac17d4834e88537749fe182430dfd9b68e520175900d90
  languageName: node
  linkType: hard

"vn@workspace:.":
  version: 0.0.0-use.local
  resolution: "vn@workspace:."
  dependencies:
    "@types/node": ^17.0.9
    "@types/nw.js": ^0.13.14
    "@types/pica": ^9.0.1
    esbuild: ^0.14.11
    glob: ^7.2.0
    pica: ^9.0.1
    pixi-scrollbox: ^2.3.1
    pixi-viewport: ^4.34.4
    pixi.js: ^6.4.2
    typescript: ^4.5.4
  languageName: unknown
  linkType: soft

"webworkify@npm:^1.5.0":
  version: 1.5.0
  resolution: "webworkify@npm:1.5.0"
  checksum: 426c10e0b94cac0678aed05fdf1abce98e8e11a523380537bab99fcd63df7c4b71b3630e61ab8052fdbd8d6e55e53700523b423cd475b258f95be5189d8cde49
  languageName: node
  linkType: hard

"wrappy@npm:1":
  version: 1.0.2
  resolution: "wrappy@npm:1.0.2"
  checksum: 159da4805f7e84a3d003d8841557196034155008f817172d4e986bd591f74aa82aa7db55929a54222309e01079a65a92a9e6414da5a6aa4b01ee44a511ac3ee5
  languageName: node
  linkType: hard
