# THIS IS AN AUTOGENERATED FILE. DO NOT EDIT THIS FILE DIRECTLY.
# yarn lockfile v1


rimraf@^4.1.0:
  version "4.1.0"
  resolved "https://registry.yarnpkg.com/rimraf/-/rimraf-4.1.0.tgz#c503e3b75b0da4e276846b45cace9a93d16a4903"
  integrity sha512-ZJdkUR5/dRrRJHdcSKJLrpRn6tVjl9ALxd4yrTCxFsMpjQNzwHF6GLqMsuEzEYIXxHlFPDSk21Vr8VPuFBEz0g==
